
Microsoft Visual Studio Solution File, Format Version 12.00
# Visual Studio Version 17
VisualStudioVersion = 17.0.31903.59
MinimumVisualStudioVersion = 10.0.40219.1
Project("{FAE04EC0-301F-11D3-BF4B-00C04F79EFBC}") = "MyApp", "MyApp\MyApp.csproj", "{8C6A2224-7B01-4C31-A975-3E287BB5B697}"
EndProject
Project("{FAE04EC0-301F-11D3-BF4B-00C04F79EFBC}") = "MyApp.Tests", "MyApp.Tests\MyApp.Tests.csproj", "{F7798F3F-839C-4938-B7B2-B51710EB14EE}"
EndProject
Global
	GlobalSection(SolutionConfigurationPlatforms) = preSolution
		Debug|Any CPU = Debug|Any CPU
		Release|Any CPU = Release|Any CPU
	EndGlobalSection
	GlobalSection(SolutionProperties) = preSolution
		HideSolutionNode = FALSE
	EndGlobalSection
	GlobalSection(ProjectConfigurationPlatforms) = postSolution
		{8C6A2224-7B01-4C31-A975-3E287BB5B697}.Debug|Any CPU.ActiveCfg = Debug|Any CPU
		{8C6A2224-7B01-4C31-A975-3E287BB5B697}.Debug|Any CPU.Build.0 = Debug|Any CPU
		{8C6A2224-7B01-4C31-A975-3E287BB5B697}.Release|Any CPU.ActiveCfg = Release|Any CPU
		{8C6A2224-7B01-4C31-A975-3E287BB5B697}.Release|Any CPU.Build.0 = Release|Any CPU
		{F7798F3F-839C-4938-B7B2-B51710EB14EE}.Debug|Any CPU.ActiveCfg = Debug|Any CPU
		{F7798F3F-839C-4938-B7B2-B51710EB14EE}.Debug|Any CPU.Build.0 = Debug|Any CPU
		{F7798F3F-839C-4938-B7B2-B51710EB14EE}.Release|Any CPU.ActiveCfg = Release|Any CPU
		{F7798F3F-839C-4938-B7B2-B51710EB14EE}.Release|Any CPU.Build.0 = Release|Any CPU
	EndGlobalSection
EndGlobal
